# This file was autogenerated by Stack.
# You should not edit this file by hand.
# For more information, please see the documentation at:
#   https://docs.haskellstack.org/en/stable/lock_files

snapshots:
- original: lts-17.13
  completed:
    sha256: 84fa3ab606af79b1239ec213e8db5d49e4857f461eda9ac61fe589c967643b7d
    url: https://raw.githubusercontent.com/commercialhaskell/stackage-snapshots/master/lts/17/13.yaml
    size: 567675
packages:
- original:
    hackage: lazysmallcheck-0.6
  completed:
    pantry-tree:
      sha256: aea6b83dd91703fd130d98ecfed88b8f16841b22990c837c8fde89f9f6cca809
      size: 2008
    hackage: lazysmallcheck-0.6@sha256:dac7a1e4877681f1260309e863e896674dd6efc1159897b7945893e693f2a6bc,1696
- original:
    hackage: Stream-0.4.7.2
  completed:
    pantry-tree:
      sha256: 009fe33c4779bd1705a26f9b036f0996e9fc85df06418aec3dda967554e6ef83
      size: 207
    hackage: Stream-0.4.7.2@sha256:ed78165aa34c4e23dc53c9072f8715d414a585037f2145ea0eb2b38300354c53,1009
- original:
    hackage: arrows-0.4.4.2
  completed:
    pantry-tree:
      sha256: 153eac3a26d5922d3be968368125e5a31cc4347049732ef3a75920c4b9fda417
      size: 1035
    hackage: arrows-0.4.4.2@sha256:a260222b766da922657e302aa7c0409451913e1e503798a47a213a61ba382460,1235
- original:
    git: https://github.com/clash-lang/clash-protocols.git
    commit: 9795f1480f9919d9eb431d2d9f7760d5bb93c643
  completed:
    pantry-tree:
      sha256: 82bed3f00b4462bb93351747b0503b6620c982888177ed0c7fcc98d2b95d22ee
      size: 1860
    version: '0.1'
    git: https://github.com/clash-lang/clash-protocols.git
    name: clash-protocols
    commit: 9795f1480f9919d9eb431d2d9f7760d5bb93c643
- original:
    git: https://github.com/cchalmers/circuit-notation.git
    commit: 0fe897cb95bd1be87abed044f4072f104dec2f7d
  completed:
    pantry-tree:
      sha256: b95db82923816141ae8e340958a5c09d850ba3d30c76fe93d2ecacf65189366b
      size: 901
    version: 0.1.0.0
    git: https://github.com/cchalmers/circuit-notation.git
    name: circuit-notation
    commit: 0fe897cb95bd1be87abed044f4072f104dec2f7d
